
Microsoft Visual Studio Solution File, Format Version 12.00
# Visual Studio 15
Project("{FAE04EC0-301F-11D3-BF4B-00C04F79EFBC}") = "cardgame", "cardgame.csproj", "{13944C25-8F16-4F6E-8C13-333CBBD90176}"
EndProject
Global
	GlobalSection(SolutionConfigurationPlatforms) = preSolution
		Debug|Any CPU = Debug|Any CPU
		Release|Any CPU = Release|Any CPU
	EndGlobalSection
	GlobalSection(ProjectConfigurationPlatforms) = postSolution
		{13944C25-8F16-4F6E-8C13-333CBBD90176}.Debug|Any CPU.ActiveCfg = Debug|Any CPU
		{13944C25-8F16-4F6E-8C13-333CBBD90176}.Debug|Any CPU.Build.0 = Debug|Any CPU
		{13944C25-8F16-4F6E-8C13-333CBBD90176}.Release|Any CPU.ActiveCfg = Release|Any CPU
		{13944C25-8F16-4F6E-8C13-333CBBD90176}.Release|Any CPU.Build.0 = Release|Any CPU
	EndGlobalSection
EndGlobal
